
Microsoft Visual Studio Solution File, Format Version 12.00
# Visual Studio Version 16
VisualStudioVersion = 16.0.30907.101
MinimumVisualStudioVersion = 10.0.40219.1
Project("{D954291E-2A0B-460D-934E-DC6B0785DB48}") = "demo.Shared", "demo.Shared\demo.Shared.shproj", "{6279C845-92F8-4333-AB99-3D213163593C}"
EndProject
Project("{2150E333-8FDC-42A3-9474-1A3956D46DE8}") = "Platforms", "Platforms", "{7AF3D73B-EDFB-41F6-8A8B-049AA4E10B98}"
EndProject
Project("{FAE04EC0-301F-11D3-BF4B-00C04F79EFBC}") = "demo.Droid", "demo.Droid\demo.Droid.csproj", "{BC6E0D78-EDD2-4E69-B8B8-4C0317F25ABC}"
EndProject
Project("{FAE04EC0-301F-11D3-BF4B-00C04F79EFBC}") = "demo.iOS", "demo.iOS\demo.iOS.csproj", "{964E8EAD-FD1A-468D-852B-F5C2380DF790}"
EndProject
Project("{FAE04EC0-301F-11D3-BF4B-00C04F79EFBC}") = "demo.UWP", "demo.UWP\demo.UWP.csproj", "{FB6A0BDE-5FE3-40A5-8785-5C323015C4A3}"
EndProject
Project("{FAE04EC0-301F-11D3-BF4B-00C04F79EFBC}") = "demo.Wasm", "demo.Wasm\demo.Wasm.csproj", "{25B518FD-3AEA-41A3-A2F1-92EF24A89B95}"
EndProject
Project("{FAE04EC0-301F-11D3-BF4B-00C04F79EFBC}") = "demo.macOS", "demo.macOS\demo.macOS.csproj", "{1999C592-4353-44A1-84CD-C1F301D5DBD6}"
EndProject
Project("{FAE04EC0-301F-11D3-BF4B-00C04F79EFBC}") = "demo.Skia.Wpf.Host", "demo.Skia.Wpf.Host\demo.Skia.Wpf.Host.csproj", "{3BC83FA8-EB3C-47C5-A464-0EAED7F4E336}"
EndProject
Project("{FAE04EC0-301F-11D3-BF4B-00C04F79EFBC}") = "demo.Skia.Wpf", "demo.Skia.Wpf\demo.Skia.Wpf.csproj", "{4D3D8E96-D2C9-4ECF-97A0-078D7876EEE7}"
EndProject
Project("{FAE04EC0-301F-11D3-BF4B-00C04F79EFBC}") = "demo.Skia.Gtk", "demo.Skia.Gtk\demo.Skia.Gtk.csproj", "{EEE32DE1-92F1-48D6-A23F-E77B03D5ADDB}"
EndProject
Project("{FAE04EC0-301F-11D3-BF4B-00C04F79EFBC}") = "demo.Skia.Tizen", "demo.Skia.Tizen\demo.Skia.Tizen.csproj", "{2C11B920-8A85-429E-81CA-1D8A1526EF14}"
EndProject
Global
	GlobalSection(SharedMSBuildProjectFiles) = preSolution
		demo.Shared\demo.Shared.projitems*{1999c592-4353-44a1-84cd-c1f301d5dbd6}*SharedItemsImports = 4
		demo.Shared\demo.Shared.projitems*{25b518fd-3aea-41a3-a2f1-92ef24a89b95}*SharedItemsImports = 5
		demo.Shared\demo.Shared.projitems*{2c11b920-8a85-429e-81ca-1d8a1526ef14}*SharedItemsImports = 5
		demo.Shared\demo.Shared.projitems*{4d3d8e96-d2c9-4ecf-97a0-078d7876eee7}*SharedItemsImports = 5
		demo.Shared\demo.Shared.projitems*{6279c845-92f8-4333-ab99-3d213163593c}*SharedItemsImports = 13
		demo.Shared\demo.Shared.projitems*{964e8ead-fd1a-468d-852b-f5c2380df790}*SharedItemsImports = 4
		demo.Shared\demo.Shared.projitems*{bc6e0d78-edd2-4e69-b8b8-4c0317f25abc}*SharedItemsImports = 4
		demo.Shared\demo.Shared.projitems*{eee32de1-92f1-48d6-a23f-e77b03d5addb}*SharedItemsImports = 5
		demo.Shared\demo.Shared.projitems*{fb6a0bde-5fe3-40a5-8785-5c323015c4a3}*SharedItemsImports = 4
	EndGlobalSection
	GlobalSection(SolutionConfigurationPlatforms) = preSolution
		Ad-Hoc|Any CPU = Ad-Hoc|Any CPU
		Ad-Hoc|ARM = Ad-Hoc|ARM
		Ad-Hoc|ARM64 = Ad-Hoc|ARM64
		Ad-Hoc|iPhone = Ad-Hoc|iPhone
		Ad-Hoc|iPhoneSimulator = Ad-Hoc|iPhoneSimulator
		Ad-Hoc|x64 = Ad-Hoc|x64
		Ad-Hoc|x86 = Ad-Hoc|x86
		AppStore|Any CPU = AppStore|Any CPU
		AppStore|ARM = AppStore|ARM
		AppStore|ARM64 = AppStore|ARM64
		AppStore|iPhone = AppStore|iPhone
		AppStore|iPhoneSimulator = AppStore|iPhoneSimulator
		AppStore|x64 = AppStore|x64
		AppStore|x86 = AppStore|x86
		Debug|Any CPU = Debug|Any CPU
		Debug|ARM = Debug|ARM
		Debug|ARM64 = Debug|ARM64
		Debug|iPhone = Debug|iPhone
		Debug|iPhoneSimulator = Debug|iPhoneSimulator
		Debug|x64 = Debug|x64
		Debug|x86 = Debug|x86
		Release|Any CPU = Release|Any CPU
		Release|ARM = Release|ARM
		Release|ARM64 = Release|ARM64
		Release|iPhone = Release|iPhone
		Release|iPhoneSimulator = Release|iPhoneSimulator
		Release|x64 = Release|x64
		Release|x86 = Release|x86
	EndGlobalSection
	GlobalSection(ProjectConfigurationPlatforms) = postSolution
		{BC6E0D78-EDD2-4E69-B8B8-4C0317F25ABC}.Ad-Hoc|Any CPU.ActiveCfg = Debug|Any CPU
		{BC6E0D78-EDD2-4E69-B8B8-4C0317F25ABC}.Ad-Hoc|Any CPU.Build.0 = Debug|Any CPU
		{BC6E0D78-EDD2-4E69-B8B8-4C0317F25ABC}.Ad-Hoc|Any CPU.Deploy.0 = Debug|Any CPU
		{BC6E0D78-EDD2-4E69-B8B8-4C0317F25ABC}.Ad-Hoc|ARM.ActiveCfg = Debug|Any CPU
		{BC6E0D78-EDD2-4E69-B8B8-4C0317F25ABC}.Ad-Hoc|ARM.Build.0 = Debug|Any CPU
		{BC6E0D78-EDD2-4E69-B8B8-4C0317F25ABC}.Ad-Hoc|ARM.Deploy.0 = Debug|Any CPU
		{BC6E0D78-EDD2-4E69-B8B8-4C0317F25ABC}.Ad-Hoc|ARM64.ActiveCfg = Debug|Any CPU
		{BC6E0D78-EDD2-4E69-B8B8-4C0317F25ABC}.Ad-Hoc|ARM64.Build.0 = Debug|Any CPU
		{BC6E0D78-EDD2-4E69-B8B8-4C0317F25ABC}.Ad-Hoc|ARM64.Deploy.0 = Debug|Any CPU
		{BC6E0D78-EDD2-4E69-B8B8-4C0317F25ABC}.Ad-Hoc|iPhone.ActiveCfg = Debug|Any CPU
		{BC6E0D78-EDD2-4E69-B8B8-4C0317F25ABC}.Ad-Hoc|iPhone.Build.0 = Debug|Any CPU
		{BC6E0D78-EDD2-4E69-B8B8-4C0317F25ABC}.Ad-Hoc|iPhone.Deploy.0 = Debug|Any CPU
		{BC6E0D78-EDD2-4E69-B8B8-4C0317F25ABC}.Ad-Hoc|iPhoneSimulator.ActiveCfg = Debug|Any CPU
		{BC6E0D78-EDD2-4E69-B8B8-4C0317F25ABC}.Ad-Hoc|iPhoneSimulator.Build.0 = Debug|Any CPU
		{BC6E0D78-EDD2-4E69-B8B8-4C0317F25ABC}.Ad-Hoc|iPhoneSimulator.Deploy.0 = Debug|Any CPU
		{BC6E0D78-EDD2-4E69-B8B8-4C0317F25ABC}.Ad-Hoc|x64.ActiveCfg = Debug|Any CPU
		{BC6E0D78-EDD2-4E69-B8B8-4C0317F25ABC}.Ad-Hoc|x64.Build.0 = Debug|Any CPU
		{BC6E0D78-EDD2-4E69-B8B8-4C0317F25ABC}.Ad-Hoc|x64.Deploy.0 = Debug|Any CPU
		{BC6E0D78-EDD2-4E69-B8B8-4C0317F25ABC}.Ad-Hoc|x86.ActiveCfg = Debug|Any CPU
		{BC6E0D78-EDD2-4E69-B8B8-4C0317F25ABC}.Ad-Hoc|x86.Build.0 = Debug|Any CPU
		{BC6E0D78-EDD2-4E69-B8B8-4C0317F25ABC}.Ad-Hoc|x86.Deploy.0 = Debug|Any CPU
		{BC6E0D78-EDD2-4E69-B8B8-4C0317F25ABC}.AppStore|Any CPU.ActiveCfg = Debug|Any CPU
		{BC6E0D78-EDD2-4E69-B8B8-4C0317F25ABC}.AppStore|Any CPU.Build.0 = Debug|Any CPU
		{BC6E0D78-EDD2-4E69-B8B8-4C0317F25ABC}.AppStore|Any CPU.Deploy.0 = Debug|Any CPU
		{BC6E0D78-EDD2-4E69-B8B8-4C0317F25ABC}.AppStore|ARM.ActiveCfg = Debug|Any CPU
		{BC6E0D78-EDD2-4E69-B8B8-4C0317F25ABC}.AppStore|ARM.Build.0 = Debug|Any CPU
		{BC6E0D78-EDD2-4E69-B8B8-4C0317F25ABC}.AppStore|ARM.Deploy.0 = Debug|Any CPU
		{BC6E0D78-EDD2-4E69-B8B8-4C0317F25ABC}.AppStore|ARM64.ActiveCfg = Debug|Any CPU
		{BC6E0D78-EDD2-4E69-B8B8-4C0317F25ABC}.AppStore|ARM64.Build.0 = Debug|Any CPU
		{BC6E0D78-EDD2-4E69-B8B8-4C0317F25ABC}.AppStore|ARM64.Deploy.0 = Debug|Any CPU
		{BC6E0D78-EDD2-4E69-B8B8-4C0317F25ABC}.AppStore|iPhone.ActiveCfg = Debug|Any CPU
		{BC6E0D78-EDD2-4E69-B8B8-4C0317F25ABC}.AppStore|iPhone.Build.0 = Debug|Any CPU
		{BC6E0D78-EDD2-4E69-B8B8-4C0317F25ABC}.AppStore|iPhone.Deploy.0 = Debug|Any CPU
		{BC6E0D78-EDD2-4E69-B8B8-4C0317F25ABC}.AppStore|iPhoneSimulator.ActiveCfg = Debug|Any CPU
		{BC6E0D78-EDD2-4E69-B8B8-4C0317F25ABC}.AppStore|iPhoneSimulator.Build.0 = Debug|Any CPU
		{BC6E0D78-EDD2-4E69-B8B8-4C0317F25ABC}.AppStore|iPhoneSimulator.Deploy.0 = Debug|Any CPU
		{BC6E0D78-EDD2-4E69-B8B8-4C0317F25ABC}.AppStore|x64.ActiveCfg = Debug|Any CPU
		{BC6E0D78-EDD2-4E69-B8B8-4C0317F25ABC}.AppStore|x64.Build.0 = Debug|Any CPU
		{BC6E0D78-EDD2-4E69-B8B8-4C0317F25ABC}.AppStore|x64.Deploy.0 = Debug|Any CPU
		{BC6E0D78-EDD2-4E69-B8B8-4C0317F25ABC}.AppStore|x86.ActiveCfg = Debug|Any CPU
		{BC6E0D78-EDD2-4E69-B8B8-4C0317F25ABC}.AppStore|x86.Build.0 = Debug|Any CPU
		{BC6E0D78-EDD2-4E69-B8B8-4C0317F25ABC}.AppStore|x86.Deploy.0 = Debug|Any CPU
		{BC6E0D78-EDD2-4E69-B8B8-4C0317F25ABC}.Debug|Any CPU.ActiveCfg = Debug|Any CPU
		{BC6E0D78-EDD2-4E69-B8B8-4C0317F25ABC}.Debug|Any CPU.Build.0 = Debug|Any CPU
		{BC6E0D78-EDD2-4E69-B8B8-4C0317F25ABC}.Debug|Any CPU.Deploy.0 = Debug|Any CPU
		{BC6E0D78-EDD2-4E69-B8B8-4C0317F25ABC}.Debug|ARM.ActiveCfg = Debug|Any CPU
		{BC6E0D78-EDD2-4E69-B8B8-4C0317F25ABC}.Debug|ARM.Build.0 = Debug|Any CPU
		{BC6E0D78-EDD2-4E69-B8B8-4C0317F25ABC}.Debug|ARM.Deploy.0 = Debug|Any CPU
		{BC6E0D78-EDD2-4E69-B8B8-4C0317F25ABC}.Debug|ARM64.ActiveCfg = Debug|Any CPU
		{BC6E0D78-EDD2-4E69-B8B8-4C0317F25ABC}.Debug|ARM64.Build.0 = Debug|Any CPU
		{BC6E0D78-EDD2-4E69-B8B8-4C0317F25ABC}.Debug|ARM64.Deploy.0 = Debug|Any CPU
		{BC6E0D78-EDD2-4E69-B8B8-4C0317F25ABC}.Debug|iPhone.ActiveCfg = Debug|Any CPU
		{BC6E0D78-EDD2-4E69-B8B8-4C0317F25ABC}.Debug|iPhone.Build.0 = Debug|Any CPU
		{BC6E0D78-EDD2-4E69-B8B8-4C0317F25ABC}.Debug|iPhone.Deploy.0 = Debug|Any CPU
		{BC6E0D78-EDD2-4E69-B8B8-4C0317F25ABC}.Debug|iPhoneSimulator.ActiveCfg = Debug|Any CPU
		{BC6E0D78-EDD2-4E69-B8B8-4C0317F25ABC}.Debug|iPhoneSimulator.Build.0 = Debug|Any CPU
		{BC6E0D78-EDD2-4E69-B8B8-4C0317F25ABC}.Debug|iPhoneSimulator.Deploy.0 = Debug|Any CPU
		{BC6E0D78-EDD2-4E69-B8B8-4C0317F25ABC}.Debug|x64.ActiveCfg = Debug|Any CPU
		{BC6E0D78-EDD2-4E69-B8B8-4C0317F25ABC}.Debug|x64.Build.0 = Debug|Any CPU
		{BC6E0D78-EDD2-4E69-B8B8-4C0317F25ABC}.Debug|x64.Deploy.0 = Debug|Any CPU
		{BC6E0D78-EDD2-4E69-B8B8-4C0317F25ABC}.Debug|x86.ActiveCfg = Debug|Any CPU
		{BC6E0D78-EDD2-4E69-B8B8-4C0317F25ABC}.Debug|x86.Build.0 = Debug|Any CPU
		{BC6E0D78-EDD2-4E69-B8B8-4C0317F25ABC}.Debug|x86.Deploy.0 = Debug|Any CPU
		{BC6E0D78-EDD2-4E69-B8B8-4C0317F25ABC}.Release|Any CPU.ActiveCfg = Release|Any CPU
		{BC6E0D78-EDD2-4E69-B8B8-4C0317F25ABC}.Release|Any CPU.Build.0 = Release|Any CPU
		{BC6E0D78-EDD2-4E69-B8B8-4C0317F25ABC}.Release|Any CPU.Deploy.0 = Release|Any CPU
		{BC6E0D78-EDD2-4E69-B8B8-4C0317F25ABC}.Release|ARM.ActiveCfg = Release|Any CPU
		{BC6E0D78-EDD2-4E69-B8B8-4C0317F25ABC}.Release|ARM.Build.0 = Release|Any CPU
		{BC6E0D78-EDD2-4E69-B8B8-4C0317F25ABC}.Release|ARM.Deploy.0 = Release|Any CPU
		{BC6E0D78-EDD2-4E69-B8B8-4C0317F25ABC}.Release|ARM64.ActiveCfg = Release|Any CPU
		{BC6E0D78-EDD2-4E69-B8B8-4C0317F25ABC}.Release|ARM64.Build.0 = Release|Any CPU
		{BC6E0D78-EDD2-4E69-B8B8-4C0317F25ABC}.Release|ARM64.Deploy.0 = Release|Any CPU
		{BC6E0D78-EDD2-4E69-B8B8-4C0317F25ABC}.Release|iPhone.ActiveCfg = Release|Any CPU
		{BC6E0D78-EDD2-4E69-B8B8-4C0317F25ABC}.Release|iPhone.Build.0 = Release|Any CPU
		{BC6E0D78-EDD2-4E69-B8B8-4C0317F25ABC}.Release|iPhone.Deploy.0 = Release|Any CPU
		{BC6E0D78-EDD2-4E69-B8B8-4C0317F25ABC}.Release|iPhoneSimulator.ActiveCfg = Release|Any CPU
		{BC6E0D78-EDD2-4E69-B8B8-4C0317F25ABC}.Release|iPhoneSimulator.Build.0 = Release|Any CPU
		{BC6E0D78-EDD2-4E69-B8B8-4C0317F25ABC}.Release|iPhoneSimulator.Deploy.0 = Release|Any CPU
		{BC6E0D78-EDD2-4E69-B8B8-4C0317F25ABC}.Release|x64.ActiveCfg = Release|Any CPU
		{BC6E0D78-EDD2-4E69-B8B8-4C0317F25ABC}.Release|x64.Build.0 = Release|Any CPU
		{BC6E0D78-EDD2-4E69-B8B8-4C0317F25ABC}.Release|x64.Deploy.0 = Release|Any CPU
		{BC6E0D78-EDD2-4E69-B8B8-4C0317F25ABC}.Release|x86.ActiveCfg = Release|Any CPU
		{BC6E0D78-EDD2-4E69-B8B8-4C0317F25ABC}.Release|x86.Build.0 = Release|Any CPU
		{BC6E0D78-EDD2-4E69-B8B8-4C0317F25ABC}.Release|x86.Deploy.0 = Release|Any CPU
		{964E8EAD-FD1A-468D-852B-F5C2380DF790}.Ad-Hoc|Any CPU.ActiveCfg = Ad-Hoc|iPhoneSimulator
		{964E8EAD-FD1A-468D-852B-F5C2380DF790}.Ad-Hoc|ARM.ActiveCfg = Ad-Hoc|iPhoneSimulator
		{964E8EAD-FD1A-468D-852B-F5C2380DF790}.Ad-Hoc|ARM64.ActiveCfg = Ad-Hoc|iPhoneSimulator
		{964E8EAD-FD1A-468D-852B-F5C2380DF790}.Ad-Hoc|iPhone.ActiveCfg = Ad-Hoc|iPhone
		{964E8EAD-FD1A-468D-852B-F5C2380DF790}.Ad-Hoc|iPhone.Build.0 = Ad-Hoc|iPhone
		{964E8EAD-FD1A-468D-852B-F5C2380DF790}.Ad-Hoc|iPhoneSimulator.ActiveCfg = Ad-Hoc|iPhoneSimulator
		{964E8EAD-FD1A-468D-852B-F5C2380DF790}.Ad-Hoc|iPhoneSimulator.Build.0 = Ad-Hoc|iPhoneSimulator
		{964E8EAD-FD1A-468D-852B-F5C2380DF790}.Ad-Hoc|x64.ActiveCfg = Ad-Hoc|iPhoneSimulator
		{964E8EAD-FD1A-468D-852B-F5C2380DF790}.Ad-Hoc|x86.ActiveCfg = Ad-Hoc|iPhoneSimulator
		{964E8EAD-FD1A-468D-852B-F5C2380DF790}.AppStore|Any CPU.ActiveCfg = AppStore|iPhoneSimulator
		{964E8EAD-FD1A-468D-852B-F5C2380DF790}.AppStore|ARM.ActiveCfg = AppStore|iPhoneSimulator
		{964E8EAD-FD1A-468D-852B-F5C2380DF790}.AppStore|ARM64.ActiveCfg = AppStore|iPhoneSimulator
		{964E8EAD-FD1A-468D-852B-F5C2380DF790}.AppStore|iPhone.ActiveCfg = AppStore|iPhone
		{964E8EAD-FD1A-468D-852B-F5C2380DF790}.AppStore|iPhone.Build.0 = AppStore|iPhone
		{964E8EAD-FD1A-468D-852B-F5C2380DF790}.AppStore|iPhoneSimulator.ActiveCfg = AppStore|iPhoneSimulator
		{964E8EAD-FD1A-468D-852B-F5C2380DF790}.AppStore|iPhoneSimulator.Build.0 = AppStore|iPhoneSimulator
		{964E8EAD-FD1A-468D-852B-F5C2380DF790}.AppStore|x64.ActiveCfg = AppStore|iPhoneSimulator
		{964E8EAD-FD1A-468D-852B-F5C2380DF790}.AppStore|x86.ActiveCfg = AppStore|iPhoneSimulator
		{964E8EAD-FD1A-468D-852B-F5C2380DF790}.Debug|Any CPU.ActiveCfg = Debug|iPhoneSimulator
		{964E8EAD-FD1A-468D-852B-F5C2380DF790}.Debug|ARM.ActiveCfg = Debug|iPhoneSimulator
		{964E8EAD-FD1A-468D-852B-F5C2380DF790}.Debug|ARM64.ActiveCfg = Debug|iPhoneSimulator
		{964E8EAD-FD1A-468D-852B-F5C2380DF790}.Debug|iPhone.ActiveCfg = Debug|iPhone
		{964E8EAD-FD1A-468D-852B-F5C2380DF790}.Debug|iPhone.Build.0 = Debug|iPhone
		{964E8EAD-FD1A-468D-852B-F5C2380DF790}.Debug|iPhoneSimulator.ActiveCfg = Debug|iPhoneSimulator
		{964E8EAD-FD1A-468D-852B-F5C2380DF790}.Debug|iPhoneSimulator.Build.0 = Debug|iPhoneSimulator
		{964E8EAD-FD1A-468D-852B-F5C2380DF790}.Debug|x64.ActiveCfg = Debug|iPhoneSimulator
		{964E8EAD-FD1A-468D-852B-F5C2380DF790}.Debug|x86.ActiveCfg = Debug|iPhoneSimulator
		{964E8EAD-FD1A-468D-852B-F5C2380DF790}.Release|Any CPU.ActiveCfg = Release|iPhoneSimulator
		{964E8EAD-FD1A-468D-852B-F5C2380DF790}.Release|ARM.ActiveCfg = Release|iPhoneSimulator
		{964E8EAD-FD1A-468D-852B-F5C2380DF790}.Release|ARM64.ActiveCfg = Release|iPhoneSimulator
		{964E8EAD-FD1A-468D-852B-F5C2380DF790}.Release|iPhone.ActiveCfg = Release|iPhone
		{964E8EAD-FD1A-468D-852B-F5C2380DF790}.Release|iPhone.Build.0 = Release|iPhone
		{964E8EAD-FD1A-468D-852B-F5C2380DF790}.Release|iPhoneSimulator.ActiveCfg = Release|iPhoneSimulator
		{964E8EAD-FD1A-468D-852B-F5C2380DF790}.Release|iPhoneSimulator.Build.0 = Release|iPhoneSimulator
		{964E8EAD-FD1A-468D-852B-F5C2380DF790}.Release|x64.ActiveCfg = Release|iPhoneSimulator
		{964E8EAD-FD1A-468D-852B-F5C2380DF790}.Release|x86.ActiveCfg = Release|iPhoneSimulator
		{FB6A0BDE-5FE3-40A5-8785-5C323015C4A3}.Ad-Hoc|Any CPU.ActiveCfg = Debug|x86
		{FB6A0BDE-5FE3-40A5-8785-5C323015C4A3}.Ad-Hoc|Any CPU.Build.0 = Debug|x86
		{FB6A0BDE-5FE3-40A5-8785-5C323015C4A3}.Ad-Hoc|Any CPU.Deploy.0 = Debug|x86
		{FB6A0BDE-5FE3-40A5-8785-5C323015C4A3}.Ad-Hoc|ARM.ActiveCfg = Debug|ARM
		{FB6A0BDE-5FE3-40A5-8785-5C323015C4A3}.Ad-Hoc|ARM.Build.0 = Debug|ARM
		{FB6A0BDE-5FE3-40A5-8785-5C323015C4A3}.Ad-Hoc|ARM.Deploy.0 = Debug|ARM
		{FB6A0BDE-5FE3-40A5-8785-5C323015C4A3}.Ad-Hoc|ARM64.ActiveCfg = Debug|ARM64
		{FB6A0BDE-5FE3-40A5-8785-5C323015C4A3}.Ad-Hoc|ARM64.Build.0 = Debug|ARM64
		{FB6A0BDE-5FE3-40A5-8785-5C323015C4A3}.Ad-Hoc|ARM64.Deploy.0 = Debug|ARM64
		{FB6A0BDE-5FE3-40A5-8785-5C323015C4A3}.Ad-Hoc|iPhone.ActiveCfg = Debug|x86
		{FB6A0BDE-5FE3-40A5-8785-5C323015C4A3}.Ad-Hoc|iPhone.Build.0 = Debug|x86
		{FB6A0BDE-5FE3-40A5-8785-5C323015C4A3}.Ad-Hoc|iPhone.Deploy.0 = Debug|x86
		{FB6A0BDE-5FE3-40A5-8785-5C323015C4A3}.Ad-Hoc|iPhoneSimulator.ActiveCfg = Debug|x86
		{FB6A0BDE-5FE3-40A5-8785-5C323015C4A3}.Ad-Hoc|iPhoneSimulator.Build.0 = Debug|x86
		{FB6A0BDE-5FE3-40A5-8785-5C323015C4A3}.Ad-Hoc|iPhoneSimulator.Deploy.0 = Debug|x86
		{FB6A0BDE-5FE3-40A5-8785-5C323015C4A3}.Ad-Hoc|x64.ActiveCfg = Debug|x64
		{FB6A0BDE-5FE3-40A5-8785-5C323015C4A3}.Ad-Hoc|x64.Build.0 = Debug|x64
		{FB6A0BDE-5FE3-40A5-8785-5C323015C4A3}.Ad-Hoc|x64.Deploy.0 = Debug|x64
		{FB6A0BDE-5FE3-40A5-8785-5C323015C4A3}.Ad-Hoc|x86.ActiveCfg = Debug|x86
		{FB6A0BDE-5FE3-40A5-8785-5C323015C4A3}.Ad-Hoc|x86.Build.0 = Debug|x86
		{FB6A0BDE-5FE3-40A5-8785-5C323015C4A3}.Ad-Hoc|x86.Deploy.0 = Debug|x86
		{FB6A0BDE-5FE3-40A5-8785-5C323015C4A3}.AppStore|Any CPU.ActiveCfg = Debug|x86
		{FB6A0BDE-5FE3-40A5-8785-5C323015C4A3}.AppStore|Any CPU.Build.0 = Debug|x86
		{FB6A0BDE-5FE3-40A5-8785-5C323015C4A3}.AppStore|Any CPU.Deploy.0 = Debug|x86
		{FB6A0BDE-5FE3-40A5-8785-5C323015C4A3}.AppStore|ARM.ActiveCfg = Debug|ARM
		{FB6A0BDE-5FE3-40A5-8785-5C323015C4A3}.AppStore|ARM.Build.0 = Debug|ARM
		{FB6A0BDE-5FE3-40A5-8785-5C323015C4A3}.AppStore|ARM.Deploy.0 = Debug|ARM
		{FB6A0BDE-5FE3-40A5-8785-5C323015C4A3}.AppStore|ARM64.ActiveCfg = Debug|ARM64
		{FB6A0BDE-5FE3-40A5-8785-5C323015C4A3}.AppStore|ARM64.Build.0 = Debug|ARM64
		{FB6A0BDE-5FE3-40A5-8785-5C323015C4A3}.AppStore|ARM64.Deploy.0 = Debug|ARM64
		{FB6A0BDE-5FE3-40A5-8785-5C323015C4A3}.AppStore|iPhone.ActiveCfg = Debug|x86
		{FB6A0BDE-5FE3-40A5-8785-5C323015C4A3}.AppStore|iPhone.Build.0 = Debug|x86
		{FB6A0BDE-5FE3-40A5-8785-5C323015C4A3}.AppStore|iPhone.Deploy.0 = Debug|x86
		{FB6A0BDE-5FE3-40A5-8785-5C323015C4A3}.AppStore|iPhoneSimulator.ActiveCfg = Debug|x86
		{FB6A0BDE-5FE3-40A5-8785-5C323015C4A3}.AppStore|iPhoneSimulator.Build.0 = Debug|x86
		{FB6A0BDE-5FE3-40A5-8785-5C323015C4A3}.AppStore|iPhoneSimulator.Deploy.0 = Debug|x86
		{FB6A0BDE-5FE3-40A5-8785-5C323015C4A3}.AppStore|x64.ActiveCfg = Debug|x64
		{FB6A0BDE-5FE3-40A5-8785-5C323015C4A3}.AppStore|x64.Build.0 = Debug|x64
		{FB6A0BDE-5FE3-40A5-8785-5C323015C4A3}.AppStore|x64.Deploy.0 = Debug|x64
		{FB6A0BDE-5FE3-40A5-8785-5C323015C4A3}.AppStore|x86.ActiveCfg = Debug|x86
		{FB6A0BDE-5FE3-40A5-8785-5C323015C4A3}.AppStore|x86.Build.0 = Debug|x86
		{FB6A0BDE-5FE3-40A5-8785-5C323015C4A3}.AppStore|x86.Deploy.0 = Debug|x86
		{FB6A0BDE-5FE3-40A5-8785-5C323015C4A3}.Debug|Any CPU.ActiveCfg = Debug|x86
		{FB6A0BDE-5FE3-40A5-8785-5C323015C4A3}.Debug|Any CPU.Build.0 = Debug|x86
		{FB6A0BDE-5FE3-40A5-8785-5C323015C4A3}.Debug|Any CPU.Deploy.0 = Debug|x86
		{FB6A0BDE-5FE3-40A5-8785-5C323015C4A3}.Debug|ARM.ActiveCfg = Debug|ARM
		{FB6A0BDE-5FE3-40A5-8785-5C323015C4A3}.Debug|ARM.Build.0 = Debug|ARM
		{FB6A0BDE-5FE3-40A5-8785-5C323015C4A3}.Debug|ARM.Deploy.0 = Debug|ARM
		{FB6A0BDE-5FE3-40A5-8785-5C323015C4A3}.Debug|ARM64.ActiveCfg = Debug|ARM64
		{FB6A0BDE-5FE3-40A5-8785-5C323015C4A3}.Debug|ARM64.Build.0 = Debug|ARM64
		{FB6A0BDE-5FE3-40A5-8785-5C323015C4A3}.Debug|ARM64.Deploy.0 = Debug|ARM64
		{FB6A0BDE-5FE3-40A5-8785-5C323015C4A3}.Debug|iPhone.ActiveCfg = Debug|x86
		{FB6A0BDE-5FE3-40A5-8785-5C323015C4A3}.Debug|iPhoneSimulator.ActiveCfg = Debug|x86
		{FB6A0BDE-5FE3-40A5-8785-5C323015C4A3}.Debug|x64.ActiveCfg = Debug|x64
		{FB6A0BDE-5FE3-40A5-8785-5C323015C4A3}.Debug|x64.Build.0 = Debug|x64
		{FB6A0BDE-5FE3-40A5-8785-5C323015C4A3}.Debug|x64.Deploy.0 = Debug|x64
		{FB6A0BDE-5FE3-40A5-8785-5C323015C4A3}.Debug|x86.ActiveCfg = Debug|x86
		{FB6A0BDE-5FE3-40A5-8785-5C323015C4A3}.Debug|x86.Build.0 = Debug|x86
		{FB6A0BDE-5FE3-40A5-8785-5C323015C4A3}.Debug|x86.Deploy.0 = Debug|x86
		{FB6A0BDE-5FE3-40A5-8785-5C323015C4A3}.Release|Any CPU.ActiveCfg = Release|x86
		{FB6A0BDE-5FE3-40A5-8785-5C323015C4A3}.Release|ARM.ActiveCfg = Release|ARM
		{FB6A0BDE-5FE3-40A5-8785-5C323015C4A3}.Release|ARM.Build.0 = Release|ARM
		{FB6A0BDE-5FE3-40A5-8785-5C323015C4A3}.Release|ARM.Deploy.0 = Release|ARM
		{FB6A0BDE-5FE3-40A5-8785-5C323015C4A3}.Release|ARM64.ActiveCfg = Release|ARM64
		{FB6A0BDE-5FE3-40A5-8785-5C323015C4A3}.Release|ARM64.Build.0 = Release|ARM64
		{FB6A0BDE-5FE3-40A5-8785-5C323015C4A3}.Release|ARM64.Deploy.0 = Release|ARM64
		{FB6A0BDE-5FE3-40A5-8785-5C323015C4A3}.Release|iPhone.ActiveCfg = Release|x86
		{FB6A0BDE-5FE3-40A5-8785-5C323015C4A3}.Release|iPhoneSimulator.ActiveCfg = Release|x86
		{FB6A0BDE-5FE3-40A5-8785-5C323015C4A3}.Release|x64.ActiveCfg = Release|x64
		{FB6A0BDE-5FE3-40A5-8785-5C323015C4A3}.Release|x64.Build.0 = Release|x64
		{FB6A0BDE-5FE3-40A5-8785-5C323015C4A3}.Release|x64.Deploy.0 = Release|x64
		{FB6A0BDE-5FE3-40A5-8785-5C323015C4A3}.Release|x86.ActiveCfg = Release|x86
		{FB6A0BDE-5FE3-40A5-8785-5C323015C4A3}.Release|x86.Build.0 = Release|x86
		{FB6A0BDE-5FE3-40A5-8785-5C323015C4A3}.Release|x86.Deploy.0 = Release|x86
		{25B518FD-3AEA-41A3-A2F1-92EF24A89B95}.Ad-Hoc|Any CPU.ActiveCfg = Debug|Any CPU
		{25B518FD-3AEA-41A3-A2F1-92EF24A89B95}.Ad-Hoc|Any CPU.Build.0 = Debug|Any CPU
		{25B518FD-3AEA-41A3-A2F1-92EF24A89B95}.Ad-Hoc|ARM.ActiveCfg = Debug|Any CPU
		{25B518FD-3AEA-41A3-A2F1-92EF24A89B95}.Ad-Hoc|ARM.Build.0 = Debug|Any CPU
		{25B518FD-3AEA-41A3-A2F1-92EF24A89B95}.Ad-Hoc|ARM64.ActiveCfg = Debug|Any CPU
		{25B518FD-3AEA-41A3-A2F1-92EF24A89B95}.Ad-Hoc|ARM64.Build.0 = Debug|Any CPU
		{25B518FD-3AEA-41A3-A2F1-92EF24A89B95}.Ad-Hoc|iPhone.ActiveCfg = Debug|Any CPU
		{25B518FD-3AEA-41A3-A2F1-92EF24A89B95}.Ad-Hoc|iPhone.Build.0 = Debug|Any CPU
		{25B518FD-3AEA-41A3-A2F1-92EF24A89B95}.Ad-Hoc|iPhoneSimulator.ActiveCfg = Debug|Any CPU
		{25B518FD-3AEA-41A3-A2F1-92EF24A89B95}.Ad-Hoc|iPhoneSimulator.Build.0 = Debug|Any CPU
		{25B518FD-3AEA-41A3-A2F1-92EF24A89B95}.Ad-Hoc|x64.ActiveCfg = Debug|Any CPU
		{25B518FD-3AEA-41A3-A2F1-92EF24A89B95}.Ad-Hoc|x64.Build.0 = Debug|Any CPU
		{25B518FD-3AEA-41A3-A2F1-92EF24A89B95}.Ad-Hoc|x86.ActiveCfg = Debug|Any CPU
		{25B518FD-3AEA-41A3-A2F1-92EF24A89B95}.Ad-Hoc|x86.Build.0 = Debug|Any CPU
		{25B518FD-3AEA-41A3-A2F1-92EF24A89B95}.AppStore|Any CPU.ActiveCfg = Debug|Any CPU
		{25B518FD-3AEA-41A3-A2F1-92EF24A89B95}.AppStore|Any CPU.Build.0 = Debug|Any CPU
		{25B518FD-3AEA-41A3-A2F1-92EF24A89B95}.AppStore|ARM.ActiveCfg = Debug|Any CPU
		{25B518FD-3AEA-41A3-A2F1-92EF24A89B95}.AppStore|ARM.Build.0 = Debug|Any CPU
		{25B518FD-3AEA-41A3-A2F1-92EF24A89B95}.AppStore|ARM64.ActiveCfg = Debug|Any CPU
		{25B518FD-3AEA-41A3-A2F1-92EF24A89B95}.AppStore|ARM64.Build.0 = Debug|Any CPU
		{25B518FD-3AEA-41A3-A2F1-92EF24A89B95}.AppStore|iPhone.ActiveCfg = Debug|Any CPU
		{25B518FD-3AEA-41A3-A2F1-92EF24A89B95}.AppStore|iPhone.Build.0 = Debug|Any CPU
		{25B518FD-3AEA-41A3-A2F1-92EF24A89B95}.AppStore|iPhoneSimulator.ActiveCfg = Debug|Any CPU
		{25B518FD-3AEA-41A3-A2F1-92EF24A89B95}.AppStore|iPhoneSimulator.Build.0 = Debug|Any CPU
		{25B518FD-3AEA-41A3-A2F1-92EF24A89B95}.AppStore|x64.ActiveCfg = Debug|Any CPU
		{25B518FD-3AEA-41A3-A2F1-92EF24A89B95}.AppStore|x64.Build.0 = Debug|Any CPU
		{25B518FD-3AEA-41A3-A2F1-92EF24A89B95}.AppStore|x86.ActiveCfg = Debug|Any CPU
		{25B518FD-3AEA-41A3-A2F1-92EF24A89B95}.AppStore|x86.Build.0 = Debug|Any CPU
		{25B518FD-3AEA-41A3-A2F1-92EF24A89B95}.Debug|Any CPU.ActiveCfg = Debug|Any CPU
		{25B518FD-3AEA-41A3-A2F1-92EF24A89B95}.Debug|Any CPU.Build.0 = Debug|Any CPU
		{25B518FD-3AEA-41A3-A2F1-92EF24A89B95}.Debug|ARM.ActiveCfg = Debug|Any CPU
		{25B518FD-3AEA-41A3-A2F1-92EF24A89B95}.Debug|ARM.Build.0 = Debug|Any CPU
		{25B518FD-3AEA-41A3-A2F1-92EF24A89B95}.Debug|ARM64.ActiveCfg = Debug|Any CPU
		{25B518FD-3AEA-41A3-A2F1-92EF24A89B95}.Debug|ARM64.Build.0 = Debug|Any CPU
		{25B518FD-3AEA-41A3-A2F1-92EF24A89B95}.Debug|iPhone.ActiveCfg = Debug|Any CPU
		{25B518FD-3AEA-41A3-A2F1-92EF24A89B95}.Debug|iPhone.Build.0 = Debug|Any CPU
		{25B518FD-3AEA-41A3-A2F1-92EF24A89B95}.Debug|iPhoneSimulator.ActiveCfg = Debug|Any CPU
		{25B518FD-3AEA-41A3-A2F1-92EF24A89B95}.Debug|iPhoneSimulator.Build.0 = Debug|Any CPU
		{25B518FD-3AEA-41A3-A2F1-92EF24A89B95}.Debug|x64.ActiveCfg = Debug|Any CPU
		{25B518FD-3AEA-41A3-A2F1-92EF24A89B95}.Debug|x64.Build.0 = Debug|Any CPU
		{25B518FD-3AEA-41A3-A2F1-92EF24A89B95}.Debug|x86.ActiveCfg = Debug|Any CPU
		{25B518FD-3AEA-41A3-A2F1-92EF24A89B95}.Debug|x86.Build.0 = Debug|Any CPU
		{25B518FD-3AEA-41A3-A2F1-92EF24A89B95}.Release|Any CPU.ActiveCfg = Release|Any CPU
		{25B518FD-3AEA-41A3-A2F1-92EF24A89B95}.Release|Any CPU.Build.0 = Release|Any CPU
		{25B518FD-3AEA-41A3-A2F1-92EF24A89B95}.Release|ARM.ActiveCfg = Release|Any CPU
		{25B518FD-3AEA-41A3-A2F1-92EF24A89B95}.Release|ARM.Build.0 = Release|Any CPU
		{25B518FD-3AEA-41A3-A2F1-92EF24A89B95}.Release|ARM64.ActiveCfg = Release|Any CPU
		{25B518FD-3AEA-41A3-A2F1-92EF24A89B95}.Release|ARM64.Build.0 = Release|Any CPU
		{25B518FD-3AEA-41A3-A2F1-92EF24A89B95}.Release|iPhone.ActiveCfg = Release|Any CPU
		{25B518FD-3AEA-41A3-A2F1-92EF24A89B95}.Release|iPhone.Build.0 = Release|Any CPU
		{25B518FD-3AEA-41A3-A2F1-92EF24A89B95}.Release|iPhoneSimulator.ActiveCfg = Release|Any CPU
		{25B518FD-3AEA-41A3-A2F1-92EF24A89B95}.Release|iPhoneSimulator.Build.0 = Release|Any CPU
		{25B518FD-3AEA-41A3-A2F1-92EF24A89B95}.Release|x64.ActiveCfg = Release|Any CPU
		{25B518FD-3AEA-41A3-A2F1-92EF24A89B95}.Release|x64.Build.0 = Release|Any CPU
		{25B518FD-3AEA-41A3-A2F1-92EF24A89B95}.Release|x86.ActiveCfg = Release|Any CPU
		{25B518FD-3AEA-41A3-A2F1-92EF24A89B95}.Release|x86.Build.0 = Release|Any CPU
		{1999C592-4353-44A1-84CD-C1F301D5DBD6}.Ad-Hoc|Any CPU.ActiveCfg = Debug|iPhoneSimulator
		{1999C592-4353-44A1-84CD-C1F301D5DBD6}.Ad-Hoc|Any CPU.Build.0 = Debug|iPhoneSimulator
		{1999C592-4353-44A1-84CD-C1F301D5DBD6}.Ad-Hoc|ARM.ActiveCfg = Debug|iPhoneSimulator
		{1999C592-4353-44A1-84CD-C1F301D5DBD6}.Ad-Hoc|ARM.Build.0 = Debug|iPhoneSimulator
		{1999C592-4353-44A1-84CD-C1F301D5DBD6}.Ad-Hoc|ARM64.ActiveCfg = Debug|iPhoneSimulator
		{1999C592-4353-44A1-84CD-C1F301D5DBD6}.Ad-Hoc|ARM64.Build.0 = Debug|iPhoneSimulator
		{1999C592-4353-44A1-84CD-C1F301D5DBD6}.Ad-Hoc|iPhone.ActiveCfg = Debug|iPhoneSimulator
		{1999C592-4353-44A1-84CD-C1F301D5DBD6}.Ad-Hoc|iPhone.Build.0 = Debug|iPhoneSimulator
		{1999C592-4353-44A1-84CD-C1F301D5DBD6}.Ad-Hoc|iPhoneSimulator.ActiveCfg = Debug|iPhoneSimulator
		{1999C592-4353-44A1-84CD-C1F301D5DBD6}.Ad-Hoc|iPhoneSimulator.Build.0 = Debug|iPhoneSimulator
		{1999C592-4353-44A1-84CD-C1F301D5DBD6}.Ad-Hoc|x64.ActiveCfg = Debug|iPhoneSimulator
		{1999C592-4353-44A1-84CD-C1F301D5DBD6}.Ad-Hoc|x64.Build.0 = Debug|iPhoneSimulator
		{1999C592-4353-44A1-84CD-C1F301D5DBD6}.Ad-Hoc|x86.ActiveCfg = Debug|iPhoneSimulator
		{1999C592-4353-44A1-84CD-C1F301D5DBD6}.Ad-Hoc|x86.Build.0 = Debug|iPhoneSimulator
		{1999C592-4353-44A1-84CD-C1F301D5DBD6}.AppStore|Any CPU.ActiveCfg = Debug|iPhoneSimulator
		{1999C592-4353-44A1-84CD-C1F301D5DBD6}.AppStore|Any CPU.Build.0 = Debug|iPhoneSimulator
		{1999C592-4353-44A1-84CD-C1F301D5DBD6}.AppStore|ARM.ActiveCfg = Debug|iPhoneSimulator
		{1999C592-4353-44A1-84CD-C1F301D5DBD6}.AppStore|ARM.Build.0 = Debug|iPhoneSimulator
		{1999C592-4353-44A1-84CD-C1F301D5DBD6}.AppStore|ARM64.ActiveCfg = Debug|iPhoneSimulator
		{1999C592-4353-44A1-84CD-C1F301D5DBD6}.AppStore|ARM64.Build.0 = Debug|iPhoneSimulator
		{1999C592-4353-44A1-84CD-C1F301D5DBD6}.AppStore|iPhone.ActiveCfg = Debug|iPhoneSimulator
		{1999C592-4353-44A1-84CD-C1F301D5DBD6}.AppStore|iPhone.Build.0 = Debug|iPhoneSimulator
		{1999C592-4353-44A1-84CD-C1F301D5DBD6}.AppStore|iPhoneSimulator.ActiveCfg = Debug|iPhoneSimulator
		{1999C592-4353-44A1-84CD-C1F301D5DBD6}.AppStore|iPhoneSimulator.Build.0 = Debug|iPhoneSimulator
		{1999C592-4353-44A1-84CD-C1F301D5DBD6}.AppStore|x64.ActiveCfg = Debug|iPhoneSimulator
		{1999C592-4353-44A1-84CD-C1F301D5DBD6}.AppStore|x64.Build.0 = Debug|iPhoneSimulator
		{1999C592-4353-44A1-84CD-C1F301D5DBD6}.AppStore|x86.ActiveCfg = Debug|iPhoneSimulator
		{1999C592-4353-44A1-84CD-C1F301D5DBD6}.AppStore|x86.Build.0 = Debug|iPhoneSimulator
		{1999C592-4353-44A1-84CD-C1F301D5DBD6}.Debug|Any CPU.ActiveCfg = Debug|iPhoneSimulator
		{1999C592-4353-44A1-84CD-C1F301D5DBD6}.Debug|ARM.ActiveCfg = Debug|iPhoneSimulator
		{1999C592-4353-44A1-84CD-C1F301D5DBD6}.Debug|ARM64.ActiveCfg = Debug|iPhoneSimulator
		{1999C592-4353-44A1-84CD-C1F301D5DBD6}.Debug|iPhone.ActiveCfg = Debug|iPhoneSimulator
		{1999C592-4353-44A1-84CD-C1F301D5DBD6}.Debug|iPhoneSimulator.ActiveCfg = Debug|iPhoneSimulator
		{1999C592-4353-44A1-84CD-C1F301D5DBD6}.Debug|iPhoneSimulator.Build.0 = Debug|iPhoneSimulator
		{1999C592-4353-44A1-84CD-C1F301D5DBD6}.Debug|x64.ActiveCfg = Debug|iPhoneSimulator
		{1999C592-4353-44A1-84CD-C1F301D5DBD6}.Debug|x86.ActiveCfg = Debug|iPhoneSimulator
		{1999C592-4353-44A1-84CD-C1F301D5DBD6}.Release|Any CPU.ActiveCfg = Release|iPhoneSimulator
		{1999C592-4353-44A1-84CD-C1F301D5DBD6}.Release|ARM.ActiveCfg = Release|iPhoneSimulator
		{1999C592-4353-44A1-84CD-C1F301D5DBD6}.Release|ARM64.ActiveCfg = Release|iPhoneSimulator
		{1999C592-4353-44A1-84CD-C1F301D5DBD6}.Release|iPhone.ActiveCfg = Release|iPhoneSimulator
		{1999C592-4353-44A1-84CD-C1F301D5DBD6}.Release|iPhoneSimulator.ActiveCfg = Release|iPhoneSimulator
		{1999C592-4353-44A1-84CD-C1F301D5DBD6}.Release|iPhoneSimulator.Build.0 = Release|iPhoneSimulator
		{1999C592-4353-44A1-84CD-C1F301D5DBD6}.Release|x64.ActiveCfg = Release|iPhoneSimulator
		{1999C592-4353-44A1-84CD-C1F301D5DBD6}.Release|x86.ActiveCfg = Release|iPhoneSimulator
		{3BC83FA8-EB3C-47C5-A464-0EAED7F4E336}.Ad-Hoc|Any CPU.ActiveCfg = Debug|Any CPU
		{3BC83FA8-EB3C-47C5-A464-0EAED7F4E336}.Ad-Hoc|Any CPU.Build.0 = Debug|Any CPU
		{3BC83FA8-EB3C-47C5-A464-0EAED7F4E336}.Ad-Hoc|ARM.ActiveCfg = Debug|Any CPU
		{3BC83FA8-EB3C-47C5-A464-0EAED7F4E336}.Ad-Hoc|ARM.Build.0 = Debug|Any CPU
		{3BC83FA8-EB3C-47C5-A464-0EAED7F4E336}.Ad-Hoc|ARM64.ActiveCfg = Debug|Any CPU
		{3BC83FA8-EB3C-47C5-A464-0EAED7F4E336}.Ad-Hoc|ARM64.Build.0 = Debug|Any CPU
		{3BC83FA8-EB3C-47C5-A464-0EAED7F4E336}.Ad-Hoc|iPhone.ActiveCfg = Debug|Any CPU
		{3BC83FA8-EB3C-47C5-A464-0EAED7F4E336}.Ad-Hoc|iPhone.Build.0 = Debug|Any CPU
		{3BC83FA8-EB3C-47C5-A464-0EAED7F4E336}.Ad-Hoc|iPhoneSimulator.ActiveCfg = Debug|Any CPU
		{3BC83FA8-EB3C-47C5-A464-0EAED7F4E336}.Ad-Hoc|iPhoneSimulator.Build.0 = Debug|Any CPU
		{3BC83FA8-EB3C-47C5-A464-0EAED7F4E336}.Ad-Hoc|x64.ActiveCfg = Debug|Any CPU
		{3BC83FA8-EB3C-47C5-A464-0EAED7F4E336}.Ad-Hoc|x64.Build.0 = Debug|Any CPU
		{3BC83FA8-EB3C-47C5-A464-0EAED7F4E336}.Ad-Hoc|x86.ActiveCfg = Debug|Any CPU
		{3BC83FA8-EB3C-47C5-A464-0EAED7F4E336}.Ad-Hoc|x86.Build.0 = Debug|Any CPU
		{3BC83FA8-EB3C-47C5-A464-0EAED7F4E336}.AppStore|Any CPU.ActiveCfg = Debug|Any CPU
		{3BC83FA8-EB3C-47C5-A464-0EAED7F4E336}.AppStore|Any CPU.Build.0 = Debug|Any CPU
		{3BC83FA8-EB3C-47C5-A464-0EAED7F4E336}.AppStore|ARM.ActiveCfg = Debug|Any CPU
		{3BC83FA8-EB3C-47C5-A464-0EAED7F4E336}.AppStore|ARM.Build.0 = Debug|Any CPU
		{3BC83FA8-EB3C-47C5-A464-0EAED7F4E336}.AppStore|ARM64.ActiveCfg = Debug|Any CPU
		{3BC83FA8-EB3C-47C5-A464-0EAED7F4E336}.AppStore|ARM64.Build.0 = Debug|Any CPU
		{3BC83FA8-EB3C-47C5-A464-0EAED7F4E336}.AppStore|iPhone.ActiveCfg = Debug|Any CPU
		{3BC83FA8-EB3C-47C5-A464-0EAED7F4E336}.AppStore|iPhone.Build.0 = Debug|Any CPU
		{3BC83FA8-EB3C-47C5-A464-0EAED7F4E336}.AppStore|iPhoneSimulator.ActiveCfg = Debug|Any CPU
		{3BC83FA8-EB3C-47C5-A464-0EAED7F4E336}.AppStore|iPhoneSimulator.Build.0 = Debug|Any CPU
		{3BC83FA8-EB3C-47C5-A464-0EAED7F4E336}.AppStore|x64.ActiveCfg = Debug|Any CPU
		{3BC83FA8-EB3C-47C5-A464-0EAED7F4E336}.AppStore|x64.Build.0 = Debug|Any CPU
		{3BC83FA8-EB3C-47C5-A464-0EAED7F4E336}.AppStore|x86.ActiveCfg = Debug|Any CPU
		{3BC83FA8-EB3C-47C5-A464-0EAED7F4E336}.AppStore|x86.Build.0 = Debug|Any CPU
		{3BC83FA8-EB3C-47C5-A464-0EAED7F4E336}.Debug|Any CPU.ActiveCfg = Debug|Any CPU
		{3BC83FA8-EB3C-47C5-A464-0EAED7F4E336}.Debug|Any CPU.Build.0 = Debug|Any CPU
		{3BC83FA8-EB3C-47C5-A464-0EAED7F4E336}.Debug|ARM.ActiveCfg = Debug|Any CPU
		{3BC83FA8-EB3C-47C5-A464-0EAED7F4E336}.Debug|ARM.Build.0 = Debug|Any CPU
		{3BC83FA8-EB3C-47C5-A464-0EAED7F4E336}.Debug|ARM64.ActiveCfg = Debug|Any CPU
		{3BC83FA8-EB3C-47C5-A464-0EAED7F4E336}.Debug|ARM64.Build.0 = Debug|Any CPU
		{3BC83FA8-EB3C-47C5-A464-0EAED7F4E336}.Debug|iPhone.ActiveCfg = Debug|Any CPU
		{3BC83FA8-EB3C-47C5-A464-0EAED7F4E336}.Debug|iPhone.Build.0 = Debug|Any CPU
		{3BC83FA8-EB3C-47C5-A464-0EAED7F4E336}.Debug|iPhoneSimulator.ActiveCfg = Debug|Any CPU
		{3BC83FA8-EB3C-47C5-A464-0EAED7F4E336}.Debug|iPhoneSimulator.Build.0 = Debug|Any CPU
		{3BC83FA8-EB3C-47C5-A464-0EAED7F4E336}.Debug|x64.ActiveCfg = Debug|Any CPU
		{3BC83FA8-EB3C-47C5-A464-0EAED7F4E336}.Debug|x64.Build.0 = Debug|Any CPU
		{3BC83FA8-EB3C-47C5-A464-0EAED7F4E336}.Debug|x86.ActiveCfg = Debug|Any CPU
		{3BC83FA8-EB3C-47C5-A464-0EAED7F4E336}.Debug|x86.Build.0 = Debug|Any CPU
		{3BC83FA8-EB3C-47C5-A464-0EAED7F4E336}.Release|Any CPU.ActiveCfg = Release|Any CPU
		{3BC83FA8-EB3C-47C5-A464-0EAED7F4E336}.Release|Any CPU.Build.0 = Release|Any CPU
		{3BC83FA8-EB3C-47C5-A464-0EAED7F4E336}.Release|ARM.ActiveCfg = Release|Any CPU
		{3BC83FA8-EB3C-47C5-A464-0EAED7F4E336}.Release|ARM.Build.0 = Release|Any CPU
		{3BC83FA8-EB3C-47C5-A464-0EAED7F4E336}.Release|ARM64.ActiveCfg = Release|Any CPU
		{3BC83FA8-EB3C-47C5-A464-0EAED7F4E336}.Release|ARM64.Build.0 = Release|Any CPU
		{3BC83FA8-EB3C-47C5-A464-0EAED7F4E336}.Release|iPhone.ActiveCfg = Release|Any CPU
		{3BC83FA8-EB3C-47C5-A464-0EAED7F4E336}.Release|iPhone.Build.0 = Release|Any CPU
		{3BC83FA8-EB3C-47C5-A464-0EAED7F4E336}.Release|iPhoneSimulator.ActiveCfg = Release|Any CPU
		{3BC83FA8-EB3C-47C5-A464-0EAED7F4E336}.Release|iPhoneSimulator.Build.0 = Release|Any CPU
		{3BC83FA8-EB3C-47C5-A464-0EAED7F4E336}.Release|x64.ActiveCfg = Release|Any CPU
		{3BC83FA8-EB3C-47C5-A464-0EAED7F4E336}.Release|x64.Build.0 = Release|Any CPU
		{3BC83FA8-EB3C-47C5-A464-0EAED7F4E336}.Release|x86.ActiveCfg = Release|Any CPU
		{3BC83FA8-EB3C-47C5-A464-0EAED7F4E336}.Release|x86.Build.0 = Release|Any CPU
		{4D3D8E96-D2C9-4ECF-97A0-078D7876EEE7}.Ad-Hoc|Any CPU.ActiveCfg = Debug|Any CPU
		{4D3D8E96-D2C9-4ECF-97A0-078D7876EEE7}.Ad-Hoc|Any CPU.Build.0 = Debug|Any CPU
		{4D3D8E96-D2C9-4ECF-97A0-078D7876EEE7}.Ad-Hoc|ARM.ActiveCfg = Debug|Any CPU
		{4D3D8E96-D2C9-4ECF-97A0-078D7876EEE7}.Ad-Hoc|ARM.Build.0 = Debug|Any CPU
		{4D3D8E96-D2C9-4ECF-97A0-078D7876EEE7}.Ad-Hoc|ARM64.ActiveCfg = Debug|Any CPU
		{4D3D8E96-D2C9-4ECF-97A0-078D7876EEE7}.Ad-Hoc|ARM64.Build.0 = Debug|Any CPU
		{4D3D8E96-D2C9-4ECF-97A0-078D7876EEE7}.Ad-Hoc|iPhone.ActiveCfg = Debug|Any CPU
		{4D3D8E96-D2C9-4ECF-97A0-078D7876EEE7}.Ad-Hoc|iPhone.Build.0 = Debug|Any CPU
		{4D3D8E96-D2C9-4ECF-97A0-078D7876EEE7}.Ad-Hoc|iPhoneSimulator.ActiveCfg = Debug|Any CPU
		{4D3D8E96-D2C9-4ECF-97A0-078D7876EEE7}.Ad-Hoc|iPhoneSimulator.Build.0 = Debug|Any CPU
		{4D3D8E96-D2C9-4ECF-97A0-078D7876EEE7}.Ad-Hoc|x64.ActiveCfg = Debug|Any CPU
		{4D3D8E96-D2C9-4ECF-97A0-078D7876EEE7}.Ad-Hoc|x64.Build.0 = Debug|Any CPU
		{4D3D8E96-D2C9-4ECF-97A0-078D7876EEE7}.Ad-Hoc|x86.ActiveCfg = Debug|Any CPU
		{4D3D8E96-D2C9-4ECF-97A0-078D7876EEE7}.Ad-Hoc|x86.Build.0 = Debug|Any CPU
		{4D3D8E96-D2C9-4ECF-97A0-078D7876EEE7}.AppStore|Any CPU.ActiveCfg = Debug|Any CPU
		{4D3D8E96-D2C9-4ECF-97A0-078D7876EEE7}.AppStore|Any CPU.Build.0 = Debug|Any CPU
		{4D3D8E96-D2C9-4ECF-97A0-078D7876EEE7}.AppStore|ARM.ActiveCfg = Debug|Any CPU
		{4D3D8E96-D2C9-4ECF-97A0-078D7876EEE7}.AppStore|ARM.Build.0 = Debug|Any CPU
		{4D3D8E96-D2C9-4ECF-97A0-078D7876EEE7}.AppStore|ARM64.ActiveCfg = Debug|Any CPU
		{4D3D8E96-D2C9-4ECF-97A0-078D7876EEE7}.AppStore|ARM64.Build.0 = Debug|Any CPU
		{4D3D8E96-D2C9-4ECF-97A0-078D7876EEE7}.AppStore|iPhone.ActiveCfg = Debug|Any CPU
		{4D3D8E96-D2C9-4ECF-97A0-078D7876EEE7}.AppStore|iPhone.Build.0 = Debug|Any CPU
		{4D3D8E96-D2C9-4ECF-97A0-078D7876EEE7}.AppStore|iPhoneSimulator.ActiveCfg = Debug|Any CPU
		{4D3D8E96-D2C9-4ECF-97A0-078D7876EEE7}.AppStore|iPhoneSimulator.Build.0 = Debug|Any CPU
		{4D3D8E96-D2C9-4ECF-97A0-078D7876EEE7}.AppStore|x64.ActiveCfg = Debug|Any CPU
		{4D3D8E96-D2C9-4ECF-97A0-078D7876EEE7}.AppStore|x64.Build.0 = Debug|Any CPU
		{4D3D8E96-D2C9-4ECF-97A0-078D7876EEE7}.AppStore|x86.ActiveCfg = Debug|Any CPU
		{4D3D8E96-D2C9-4ECF-97A0-078D7876EEE7}.AppStore|x86.Build.0 = Debug|Any CPU
		{4D3D8E96-D2C9-4ECF-97A0-078D7876EEE7}.Debug|Any CPU.ActiveCfg = Debug|Any CPU
		{4D3D8E96-D2C9-4ECF-97A0-078D7876EEE7}.Debug|Any CPU.Build.0 = Debug|Any CPU
		{4D3D8E96-D2C9-4ECF-97A0-078D7876EEE7}.Debug|ARM.ActiveCfg = Debug|Any CPU
		{4D3D8E96-D2C9-4ECF-97A0-078D7876EEE7}.Debug|ARM.Build.0 = Debug|Any CPU
		{4D3D8E96-D2C9-4ECF-97A0-078D7876EEE7}.Debug|ARM64.ActiveCfg = Debug|Any CPU
		{4D3D8E96-D2C9-4ECF-97A0-078D7876EEE7}.Debug|ARM64.Build.0 = Debug|Any CPU
		{4D3D8E96-D2C9-4ECF-97A0-078D7876EEE7}.Debug|iPhone.ActiveCfg = Debug|Any CPU
		{4D3D8E96-D2C9-4ECF-97A0-078D7876EEE7}.Debug|iPhone.Build.0 = Debug|Any CPU
		{4D3D8E96-D2C9-4ECF-97A0-078D7876EEE7}.Debug|iPhoneSimulator.ActiveCfg = Debug|Any CPU
		{4D3D8E96-D2C9-4ECF-97A0-078D7876EEE7}.Debug|iPhoneSimulator.Build.0 = Debug|Any CPU
		{4D3D8E96-D2C9-4ECF-97A0-078D7876EEE7}.Debug|x64.ActiveCfg = Debug|Any CPU
		{4D3D8E96-D2C9-4ECF-97A0-078D7876EEE7}.Debug|x64.Build.0 = Debug|Any CPU
		{4D3D8E96-D2C9-4ECF-97A0-078D7876EEE7}.Debug|x86.ActiveCfg = Debug|Any CPU
		{4D3D8E96-D2C9-4ECF-97A0-078D7876EEE7}.Debug|x86.Build.0 = Debug|Any CPU
		{4D3D8E96-D2C9-4ECF-97A0-078D7876EEE7}.Release|Any CPU.ActiveCfg = Release|Any CPU
		{4D3D8E96-D2C9-4ECF-97A0-078D7876EEE7}.Release|Any CPU.Build.0 = Release|Any CPU
		{4D3D8E96-D2C9-4ECF-97A0-078D7876EEE7}.Release|ARM.ActiveCfg = Release|Any CPU
		{4D3D8E96-D2C9-4ECF-97A0-078D7876EEE7}.Release|ARM.Build.0 = Release|Any CPU
		{4D3D8E96-D2C9-4ECF-97A0-078D7876EEE7}.Release|ARM64.ActiveCfg = Release|Any CPU
		{4D3D8E96-D2C9-4ECF-97A0-078D7876EEE7}.Release|ARM64.Build.0 = Release|Any CPU
		{4D3D8E96-D2C9-4ECF-97A0-078D7876EEE7}.Release|iPhone.ActiveCfg = Release|Any CPU
		{4D3D8E96-D2C9-4ECF-97A0-078D7876EEE7}.Release|iPhone.Build.0 = Release|Any CPU
		{4D3D8E96-D2C9-4ECF-97A0-078D7876EEE7}.Release|iPhoneSimulator.ActiveCfg = Release|Any CPU
		{4D3D8E96-D2C9-4ECF-97A0-078D7876EEE7}.Release|iPhoneSimulator.Build.0 = Release|Any CPU
		{4D3D8E96-D2C9-4ECF-97A0-078D7876EEE7}.Release|x64.ActiveCfg = Release|Any CPU
		{4D3D8E96-D2C9-4ECF-97A0-078D7876EEE7}.Release|x64.Build.0 = Release|Any CPU
		{4D3D8E96-D2C9-4ECF-97A0-078D7876EEE7}.Release|x86.ActiveCfg = Release|Any CPU
		{4D3D8E96-D2C9-4ECF-97A0-078D7876EEE7}.Release|x86.Build.0 = Release|Any CPU
		{EEE32DE1-92F1-48D6-A23F-E77B03D5ADDB}.Ad-Hoc|Any CPU.ActiveCfg = Debug|Any CPU
		{EEE32DE1-92F1-48D6-A23F-E77B03D5ADDB}.Ad-Hoc|Any CPU.Build.0 = Debug|Any CPU
		{EEE32DE1-92F1-48D6-A23F-E77B03D5ADDB}.Ad-Hoc|ARM.ActiveCfg = Debug|Any CPU
		{EEE32DE1-92F1-48D6-A23F-E77B03D5ADDB}.Ad-Hoc|ARM.Build.0 = Debug|Any CPU
		{EEE32DE1-92F1-48D6-A23F-E77B03D5ADDB}.Ad-Hoc|ARM64.ActiveCfg = Debug|Any CPU
		{EEE32DE1-92F1-48D6-A23F-E77B03D5ADDB}.Ad-Hoc|ARM64.Build.0 = Debug|Any CPU
		{EEE32DE1-92F1-48D6-A23F-E77B03D5ADDB}.Ad-Hoc|iPhone.ActiveCfg = Debug|Any CPU
		{EEE32DE1-92F1-48D6-A23F-E77B03D5ADDB}.Ad-Hoc|iPhone.Build.0 = Debug|Any CPU
		{EEE32DE1-92F1-48D6-A23F-E77B03D5ADDB}.Ad-Hoc|iPhoneSimulator.ActiveCfg = Debug|Any CPU
		{EEE32DE1-92F1-48D6-A23F-E77B03D5ADDB}.Ad-Hoc|iPhoneSimulator.Build.0 = Debug|Any CPU
		{EEE32DE1-92F1-48D6-A23F-E77B03D5ADDB}.Ad-Hoc|x64.ActiveCfg = Debug|Any CPU
		{EEE32DE1-92F1-48D6-A23F-E77B03D5ADDB}.Ad-Hoc|x64.Build.0 = Debug|Any CPU
		{EEE32DE1-92F1-48D6-A23F-E77B03D5ADDB}.Ad-Hoc|x86.ActiveCfg = Debug|Any CPU
		{EEE32DE1-92F1-48D6-A23F-E77B03D5ADDB}.Ad-Hoc|x86.Build.0 = Debug|Any CPU
		{EEE32DE1-92F1-48D6-A23F-E77B03D5ADDB}.AppStore|Any CPU.ActiveCfg = Debug|Any CPU
		{EEE32DE1-92F1-48D6-A23F-E77B03D5ADDB}.AppStore|Any CPU.Build.0 = Debug|Any CPU
		{EEE32DE1-92F1-48D6-A23F-E77B03D5ADDB}.AppStore|ARM.ActiveCfg = Debug|Any CPU
		{EEE32DE1-92F1-48D6-A23F-E77B03D5ADDB}.AppStore|ARM.Build.0 = Debug|Any CPU
		{EEE32DE1-92F1-48D6-A23F-E77B03D5ADDB}.AppStore|ARM64.ActiveCfg = Debug|Any CPU
		{EEE32DE1-92F1-48D6-A23F-E77B03D5ADDB}.AppStore|ARM64.Build.0 = Debug|Any CPU
		{EEE32DE1-92F1-48D6-A23F-E77B03D5ADDB}.AppStore|iPhone.ActiveCfg = Debug|Any CPU
		{EEE32DE1-92F1-48D6-A23F-E77B03D5ADDB}.AppStore|iPhone.Build.0 = Debug|Any CPU
		{EEE32DE1-92F1-48D6-A23F-E77B03D5ADDB}.AppStore|iPhoneSimulator.ActiveCfg = Debug|Any CPU
		{EEE32DE1-92F1-48D6-A23F-E77B03D5ADDB}.AppStore|iPhoneSimulator.Build.0 = Debug|Any CPU
		{EEE32DE1-92F1-48D6-A23F-E77B03D5ADDB}.AppStore|x64.ActiveCfg = Debug|Any CPU
		{EEE32DE1-92F1-48D6-A23F-E77B03D5ADDB}.AppStore|x64.Build.0 = Debug|Any CPU
		{EEE32DE1-92F1-48D6-A23F-E77B03D5ADDB}.AppStore|x86.ActiveCfg = Debug|Any CPU
		{EEE32DE1-92F1-48D6-A23F-E77B03D5ADDB}.AppStore|x86.Build.0 = Debug|Any CPU
		{EEE32DE1-92F1-48D6-A23F-E77B03D5ADDB}.Debug|Any CPU.ActiveCfg = Debug|Any CPU
		{EEE32DE1-92F1-48D6-A23F-E77B03D5ADDB}.Debug|Any CPU.Build.0 = Debug|Any CPU
		{EEE32DE1-92F1-48D6-A23F-E77B03D5ADDB}.Debug|ARM.ActiveCfg = Debug|Any CPU
		{EEE32DE1-92F1-48D6-A23F-E77B03D5ADDB}.Debug|ARM.Build.0 = Debug|Any CPU
		{EEE32DE1-92F1-48D6-A23F-E77B03D5ADDB}.Debug|ARM64.ActiveCfg = Debug|Any CPU
		{EEE32DE1-92F1-48D6-A23F-E77B03D5ADDB}.Debug|ARM64.Build.0 = Debug|Any CPU
		{EEE32DE1-92F1-48D6-A23F-E77B03D5ADDB}.Debug|iPhone.ActiveCfg = Debug|Any CPU
		{EEE32DE1-92F1-48D6-A23F-E77B03D5ADDB}.Debug|iPhone.Build.0 = Debug|Any CPU
		{EEE32DE1-92F1-48D6-A23F-E77B03D5ADDB}.Debug|iPhoneSimulator.ActiveCfg = Debug|Any CPU
		{EEE32DE1-92F1-48D6-A23F-E77B03D5ADDB}.Debug|iPhoneSimulator.Build.0 = Debug|Any CPU
		{EEE32DE1-92F1-48D6-A23F-E77B03D5ADDB}.Debug|x64.ActiveCfg = Debug|Any CPU
		{EEE32DE1-92F1-48D6-A23F-E77B03D5ADDB}.Debug|x64.Build.0 = Debug|Any CPU
		{EEE32DE1-92F1-48D6-A23F-E77B03D5ADDB}.Debug|x86.ActiveCfg = Debug|Any CPU
		{EEE32DE1-92F1-48D6-A23F-E77B03D5ADDB}.Debug|x86.Build.0 = Debug|Any CPU
		{EEE32DE1-92F1-48D6-A23F-E77B03D5ADDB}.Release|Any CPU.ActiveCfg = Release|Any CPU
		{EEE32DE1-92F1-48D6-A23F-E77B03D5ADDB}.Release|Any CPU.Build.0 = Release|Any CPU
		{EEE32DE1-92F1-48D6-A23F-E77B03D5ADDB}.Release|ARM.ActiveCfg = Release|Any CPU
		{EEE32DE1-92F1-48D6-A23F-E77B03D5ADDB}.Release|ARM.Build.0 = Release|Any CPU
		{EEE32DE1-92F1-48D6-A23F-E77B03D5ADDB}.Release|ARM64.ActiveCfg = Release|Any CPU
		{EEE32DE1-92F1-48D6-A23F-E77B03D5ADDB}.Release|ARM64.Build.0 = Release|Any CPU
		{EEE32DE1-92F1-48D6-A23F-E77B03D5ADDB}.Release|iPhone.ActiveCfg = Release|Any CPU
		{EEE32DE1-92F1-48D6-A23F-E77B03D5ADDB}.Release|iPhone.Build.0 = Release|Any CPU
		{EEE32DE1-92F1-48D6-A23F-E77B03D5ADDB}.Release|iPhoneSimulator.ActiveCfg = Release|Any CPU
		{EEE32DE1-92F1-48D6-A23F-E77B03D5ADDB}.Release|iPhoneSimulator.Build.0 = Release|Any CPU
		{EEE32DE1-92F1-48D6-A23F-E77B03D5ADDB}.Release|x64.ActiveCfg = Release|Any CPU
		{EEE32DE1-92F1-48D6-A23F-E77B03D5ADDB}.Release|x64.Build.0 = Release|Any CPU
		{EEE32DE1-92F1-48D6-A23F-E77B03D5ADDB}.Release|x86.ActiveCfg = Release|Any CPU
		{EEE32DE1-92F1-48D6-A23F-E77B03D5ADDB}.Release|x86.Build.0 = Release|Any CPU
		{2C11B920-8A85-429E-81CA-1D8A1526EF14}.Ad-Hoc|Any CPU.ActiveCfg = Debug|Any CPU
		{2C11B920-8A85-429E-81CA-1D8A1526EF14}.Ad-Hoc|Any CPU.Build.0 = Debug|Any CPU
		{2C11B920-8A85-429E-81CA-1D8A1526EF14}.Ad-Hoc|ARM.ActiveCfg = Debug|Any CPU
		{2C11B920-8A85-429E-81CA-1D8A1526EF14}.Ad-Hoc|ARM.Build.0 = Debug|Any CPU
		{2C11B920-8A85-429E-81CA-1D8A1526EF14}.Ad-Hoc|ARM64.ActiveCfg = Debug|Any CPU
		{2C11B920-8A85-429E-81CA-1D8A1526EF14}.Ad-Hoc|ARM64.Build.0 = Debug|Any CPU
		{2C11B920-8A85-429E-81CA-1D8A1526EF14}.Ad-Hoc|iPhone.ActiveCfg = Debug|Any CPU
		{2C11B920-8A85-429E-81CA-1D8A1526EF14}.Ad-Hoc|iPhone.Build.0 = Debug|Any CPU
		{2C11B920-8A85-429E-81CA-1D8A1526EF14}.Ad-Hoc|iPhoneSimulator.ActiveCfg = Debug|Any CPU
		{2C11B920-8A85-429E-81CA-1D8A1526EF14}.Ad-Hoc|iPhoneSimulator.Build.0 = Debug|Any CPU
		{2C11B920-8A85-429E-81CA-1D8A1526EF14}.Ad-Hoc|x64.ActiveCfg = Debug|Any CPU
		{2C11B920-8A85-429E-81CA-1D8A1526EF14}.Ad-Hoc|x64.Build.0 = Debug|Any CPU
		{2C11B920-8A85-429E-81CA-1D8A1526EF14}.Ad-Hoc|x86.ActiveCfg = Debug|Any CPU
		{2C11B920-8A85-429E-81CA-1D8A1526EF14}.Ad-Hoc|x86.Build.0 = Debug|Any CPU
		{2C11B920-8A85-429E-81CA-1D8A1526EF14}.AppStore|Any CPU.ActiveCfg = Debug|Any CPU
		{2C11B920-8A85-429E-81CA-1D8A1526EF14}.AppStore|Any CPU.Build.0 = Debug|Any CPU
		{2C11B920-8A85-429E-81CA-1D8A1526EF14}.AppStore|ARM.ActiveCfg = Debug|Any CPU
		{2C11B920-8A85-429E-81CA-1D8A1526EF14}.AppStore|ARM.Build.0 = Debug|Any CPU
		{2C11B920-8A85-429E-81CA-1D8A1526EF14}.AppStore|ARM64.ActiveCfg = Debug|Any CPU
		{2C11B920-8A85-429E-81CA-1D8A1526EF14}.AppStore|ARM64.Build.0 = Debug|Any CPU
		{2C11B920-8A85-429E-81CA-1D8A1526EF14}.AppStore|iPhone.ActiveCfg = Debug|Any CPU
		{2C11B920-8A85-429E-81CA-1D8A1526EF14}.AppStore|iPhone.Build.0 = Debug|Any CPU
		{2C11B920-8A85-429E-81CA-1D8A1526EF14}.AppStore|iPhoneSimulator.ActiveCfg = Debug|Any CPU
		{2C11B920-8A85-429E-81CA-1D8A1526EF14}.AppStore|iPhoneSimulator.Build.0 = Debug|Any CPU
		{2C11B920-8A85-429E-81CA-1D8A1526EF14}.AppStore|x64.ActiveCfg = Debug|Any CPU
		{2C11B920-8A85-429E-81CA-1D8A1526EF14}.AppStore|x64.Build.0 = Debug|Any CPU
		{2C11B920-8A85-429E-81CA-1D8A1526EF14}.AppStore|x86.ActiveCfg = Debug|Any CPU
		{2C11B920-8A85-429E-81CA-1D8A1526EF14}.AppStore|x86.Build.0 = Debug|Any CPU
		{2C11B920-8A85-429E-81CA-1D8A1526EF14}.Debug|Any CPU.ActiveCfg = Debug|Any CPU
		{2C11B920-8A85-429E-81CA-1D8A1526EF14}.Debug|Any CPU.Build.0 = Debug|Any CPU
		{2C11B920-8A85-429E-81CA-1D8A1526EF14}.Debug|ARM.ActiveCfg = Debug|Any CPU
		{2C11B920-8A85-429E-81CA-1D8A1526EF14}.Debug|ARM.Build.0 = Debug|Any CPU
		{2C11B920-8A85-429E-81CA-1D8A1526EF14}.Debug|ARM64.ActiveCfg = Debug|Any CPU
		{2C11B920-8A85-429E-81CA-1D8A1526EF14}.Debug|ARM64.Build.0 = Debug|Any CPU
		{2C11B920-8A85-429E-81CA-1D8A1526EF14}.Debug|iPhone.ActiveCfg = Debug|Any CPU
		{2C11B920-8A85-429E-81CA-1D8A1526EF14}.Debug|iPhone.Build.0 = Debug|Any CPU
		{2C11B920-8A85-429E-81CA-1D8A1526EF14}.Debug|iPhoneSimulator.ActiveCfg = Debug|Any CPU
		{2C11B920-8A85-429E-81CA-1D8A1526EF14}.Debug|iPhoneSimulator.Build.0 = Debug|Any CPU
		{2C11B920-8A85-429E-81CA-1D8A1526EF14}.Debug|x64.ActiveCfg = Debug|Any CPU
		{2C11B920-8A85-429E-81CA-1D8A1526EF14}.Debug|x64.Build.0 = Debug|Any CPU
		{2C11B920-8A85-429E-81CA-1D8A1526EF14}.Debug|x86.ActiveCfg = Debug|Any CPU
		{2C11B920-8A85-429E-81CA-1D8A1526EF14}.Debug|x86.Build.0 = Debug|Any CPU
		{2C11B920-8A85-429E-81CA-1D8A1526EF14}.Release|Any CPU.ActiveCfg = Release|Any CPU
		{2C11B920-8A85-429E-81CA-1D8A1526EF14}.Release|Any CPU.Build.0 = Release|Any CPU
		{2C11B920-8A85-429E-81CA-1D8A1526EF14}.Release|ARM.ActiveCfg = Release|Any CPU
		{2C11B920-8A85-429E-81CA-1D8A1526EF14}.Release|ARM.Build.0 = Release|Any CPU
		{2C11B920-8A85-429E-81CA-1D8A1526EF14}.Release|ARM64.ActiveCfg = Release|Any CPU
		{2C11B920-8A85-429E-81CA-1D8A1526EF14}.Release|ARM64.Build.0 = Release|Any CPU
		{2C11B920-8A85-429E-81CA-1D8A1526EF14}.Release|iPhone.ActiveCfg = Release|Any CPU
		{2C11B920-8A85-429E-81CA-1D8A1526EF14}.Release|iPhone.Build.0 = Release|Any CPU
		{2C11B920-8A85-429E-81CA-1D8A1526EF14}.Release|iPhoneSimulator.ActiveCfg = Release|Any CPU
		{2C11B920-8A85-429E-81CA-1D8A1526EF14}.Release|iPhoneSimulator.Build.0 = Release|Any CPU
		{2C11B920-8A85-429E-81CA-1D8A1526EF14}.Release|x64.ActiveCfg = Release|Any CPU
		{2C11B920-8A85-429E-81CA-1D8A1526EF14}.Release|x64.Build.0 = Release|Any CPU
		{2C11B920-8A85-429E-81CA-1D8A1526EF14}.Release|x86.ActiveCfg = Release|Any CPU
		{2C11B920-8A85-429E-81CA-1D8A1526EF14}.Release|x86.Build.0 = Release|Any CPU
	EndGlobalSection
	GlobalSection(SolutionProperties) = preSolution
		HideSolutionNode = FALSE
	EndGlobalSection
	GlobalSection(NestedProjects) = preSolution
		{BC6E0D78-EDD2-4E69-B8B8-4C0317F25ABC} = {7AF3D73B-EDFB-41F6-8A8B-049AA4E10B98}
		{964E8EAD-FD1A-468D-852B-F5C2380DF790} = {7AF3D73B-EDFB-41F6-8A8B-049AA4E10B98}
		{FB6A0BDE-5FE3-40A5-8785-5C323015C4A3} = {7AF3D73B-EDFB-41F6-8A8B-049AA4E10B98}
		{25B518FD-3AEA-41A3-A2F1-92EF24A89B95} = {7AF3D73B-EDFB-41F6-8A8B-049AA4E10B98}
		{1999C592-4353-44A1-84CD-C1F301D5DBD6} = {7AF3D73B-EDFB-41F6-8A8B-049AA4E10B98}
		{3BC83FA8-EB3C-47C5-A464-0EAED7F4E336} = {7AF3D73B-EDFB-41F6-8A8B-049AA4E10B98}
		{4D3D8E96-D2C9-4ECF-97A0-078D7876EEE7} = {7AF3D73B-EDFB-41F6-8A8B-049AA4E10B98}
		{EEE32DE1-92F1-48D6-A23F-E77B03D5ADDB} = {7AF3D73B-EDFB-41F6-8A8B-049AA4E10B98}
		{2C11B920-8A85-429E-81CA-1D8A1526EF14} = {7AF3D73B-EDFB-41F6-8A8B-049AA4E10B98}
	EndGlobalSection
	GlobalSection(ExtensibilityGlobals) = postSolution
		SolutionGuid = {B8E08F75-8E9E-4247-B6CD-8A1DD748EF35}
	EndGlobalSection
EndGlobal
